
Microsoft Visual Studio Solution File, Format Version 12.00
# Visual Studio Version 17
VisualStudioVersion = 17.6.33829.357
MinimumVisualStudioVersion = 10.0.40219.1
Project("{FAE04EC0-301F-11D3-BF4B-00C04F79EFBC}") = "NoteBook", "NoteBook\NoteBook.csproj", "{F54BF4E8-028B-46A8-92F5-732B32FD473B}"
EndProject
Global
	GlobalSection(SolutionConfigurationPlatforms) = preSolution
		Debug|Any CPU = Debug|Any CPU
		Release|Any CPU = Release|Any CPU
	EndGlobalSection
	GlobalSection(ProjectConfigurationPlatforms) = postSolution
		{F54BF4E8-028B-46A8-92F5-732B32FD473B}.Debug|Any CPU.ActiveCfg = Debug|Any CPU
		{F54BF4E8-028B-46A8-92F5-732B32FD473B}.Debug|Any CPU.Build.0 = Debug|Any CPU
		{F54BF4E8-028B-46A8-92F5-732B32FD473B}.Release|Any CPU.ActiveCfg = Release|Any CPU
		{F54BF4E8-028B-46A8-92F5-732B32FD473B}.Release|Any CPU.Build.0 = Release|Any CPU
	EndGlobalSection
	GlobalSection(SolutionProperties) = preSolution
		HideSolutionNode = FALSE
	EndGlobalSection
	GlobalSection(ExtensibilityGlobals) = postSolution
		SolutionGuid = {C4BFFCB6-2F7E-4224-BE0C-BD376C47CF61}
	EndGlobalSection
EndGlobal
